
Microsoft Visual Studio Solution File, Format Version 12.00
# Visual Studio Version 17
VisualStudioVersion = 17.11.35312.102
MinimumVisualStudioVersion = 10.0.40219.1
Project("{FAE04EC0-301F-11D3-BF4B-00C04F79EFBC}") = "EjemploTrabajoPDF", "EjemploTrabajoPDF\EjemploTrabajoPDF.csproj", "{7FDEBAB1-3FE8-4FFC-8B67-99C4C96D911D}"
EndProject
Global
	GlobalSection(SolutionConfigurationPlatforms) = preSolution
		Debug|Any CPU = Debug|Any CPU
		Release|Any CPU = Release|Any CPU
	EndGlobalSection
	GlobalSection(ProjectConfigurationPlatforms) = postSolution
		{7FDEBAB1-3FE8-4FFC-8B67-99C4C96D911D}.Debug|Any CPU.ActiveCfg = Debug|Any CPU
		{7FDEBAB1-3FE8-4FFC-8B67-99C4C96D911D}.Debug|Any CPU.Build.0 = Debug|Any CPU
		{7FDEBAB1-3FE8-4FFC-8B67-99C4C96D911D}.Release|Any CPU.ActiveCfg = Release|Any CPU
		{7FDEBAB1-3FE8-4FFC-8B67-99C4C96D911D}.Release|Any CPU.Build.0 = Release|Any CPU
	EndGlobalSection
	GlobalSection(SolutionProperties) = preSolution
		HideSolutionNode = FALSE
	EndGlobalSection
	GlobalSection(ExtensibilityGlobals) = postSolution
		SolutionGuid = {AC1372C2-97EF-4BFB-9DE3-93F7DE25129D}
	EndGlobalSection
EndGlobal
