
Microsoft Visual Studio Solution File, Format Version 12.00
# Visual Studio Version 17
VisualStudioVersion = 17.11.35312.102
MinimumVisualStudioVersion = 10.0.40219.1
Project("{FAE04EC0-301F-11D3-BF4B-00C04F79EFBC}") = "WpfApp1", "WpfApp1.csproj", "{A0846399-5315-44A5-8E9E-626BD968E9BC}"
EndProject
Global
	GlobalSection(SolutionConfigurationPlatforms) = preSolution
		Debug|Any CPU = Debug|Any CPU
		Release|Any CPU = Release|Any CPU
	EndGlobalSection
	GlobalSection(ProjectConfigurationPlatforms) = postSolution
		{A0846399-5315-44A5-8E9E-626BD968E9BC}.Debug|Any CPU.ActiveCfg = Debug|Any CPU
		{A0846399-5315-44A5-8E9E-626BD968E9BC}.Debug|Any CPU.Build.0 = Debug|Any CPU
		{A0846399-5315-44A5-8E9E-626BD968E9BC}.Release|Any CPU.ActiveCfg = Release|Any CPU
		{A0846399-5315-44A5-8E9E-626BD968E9BC}.Release|Any CPU.Build.0 = Release|Any CPU
	EndGlobalSection
	GlobalSection(SolutionProperties) = preSolution
		HideSolutionNode = FALSE
	EndGlobalSection
	GlobalSection(ExtensibilityGlobals) = postSolution
		SolutionGuid = {97BEA313-DEAB-4033-8B1F-10D5D83EB26B}
	EndGlobalSection
EndGlobal
